
Microsoft Visual Studio Solution File, Format Version 12.00
# Visual Studio Version 17
VisualStudioVersion = 17.14.36401.2
MinimumVisualStudioVersion = 10.0.40219.1
Project("{FAE04EC0-301F-11D3-BF4B-00C04F79EFBC}") = "ContracMonthlyClaimSystem", "ContracMonthlyClaimSystem\ContracMonthlyClaimSystem.csproj", "{391FEF49-AD7D-4A8C-84B3-ADE0007AFD25}"
EndProject
Project("{FAE04EC0-301F-11D3-BF4B-00C04F79EFBC}") = "ContractMonthlyClaimSystem.Tests", "ContractMonthlyClaimSystem.Tests\ContractMonthlyClaimSystem.Tests.csproj", "{7D3814E2-7654-43CB-B464-14C4C2AC0866}"
EndProject
Global
	GlobalSection(SolutionConfigurationPlatforms) = preSolution
		Debug|Any CPU = Debug|Any CPU
		Release|Any CPU = Release|Any CPU
	EndGlobalSection
	GlobalSection(ProjectConfigurationPlatforms) = postSolution
		{391FEF49-AD7D-4A8C-84B3-ADE0007AFD25}.Debug|Any CPU.ActiveCfg = Debug|Any CPU
		{391FEF49-AD7D-4A8C-84B3-ADE0007AFD25}.Debug|Any CPU.Build.0 = Debug|Any CPU
		{391FEF49-AD7D-4A8C-84B3-ADE0007AFD25}.Release|Any CPU.ActiveCfg = Release|Any CPU
		{391FEF49-AD7D-4A8C-84B3-ADE0007AFD25}.Release|Any CPU.Build.0 = Release|Any CPU
		{7D3814E2-7654-43CB-B464-14C4C2AC0866}.Debug|Any CPU.ActiveCfg = Debug|Any CPU
		{7D3814E2-7654-43CB-B464-14C4C2AC0866}.Debug|Any CPU.Build.0 = Debug|Any CPU
		{7D3814E2-7654-43CB-B464-14C4C2AC0866}.Release|Any CPU.ActiveCfg = Release|Any CPU
		{7D3814E2-7654-43CB-B464-14C4C2AC0866}.Release|Any CPU.Build.0 = Release|Any CPU
	EndGlobalSection
	GlobalSection(SolutionProperties) = preSolution
		HideSolutionNode = FALSE
	EndGlobalSection
	GlobalSection(ExtensibilityGlobals) = postSolution
		SolutionGuid = {ABE2DA8E-F970-45C5-9646-51EBCF2DE898}
	EndGlobalSection
EndGlobal
